// !$*UTF8*$!
{
	archiveVersion = 1;
	classes = {
	};
	objectVersion = 46;
	objects = {

/* Begin PBXBuildFile section */
		17BC6F8C1963734000619F53 /* Foundation.framework in Frameworks */ = {isa = PBXBuildFile; fileRef = 17BC6F8B1963734000619F53 /* Foundation.framework */; };
		17BC6F8E1963734000619F53 /* CoreGraphics.framework in Frameworks */ = {isa = PBXBuildFile; fileRef = 17BC6F8D1963734000619F53 /* CoreGraphics.framework */; };
		17BC6F901963734000619F53 /* UIKit.framework in Frameworks */ = {isa = PBXBuildFile; fileRef = 17BC6F8F1963734000619F53 /* UIKit.framework */; };
		17BC6F961963734000619F53 /* InfoPlist.strings in Resources */ = {isa = PBXBuildFile; fileRef = 17BC6F941963734000619F53 /* InfoPlist.strings */; };
		17BC6F981963734000619F53 /* main.m in Sources */ = {isa = PBXBuildFile; fileRef = 17BC6F971963734000619F53 /* main.m */; };
		17BC6F9C1963734000619F53 /* DropItAppDelegate.m in Sources */ = {isa = PBXBuildFile; fileRef = 17BC6F9B1963734000619F53 /* DropItAppDelegate.m */; };
		17BC6F9F1963734100619F53 /* Main.storyboard in Resources */ = {isa = PBXBuildFile; fileRef = 17BC6F9D1963734100619F53 /* Main.storyboard */; };
		17BC6FA21963734100619F53 /* DropItViewController.m in Sources */ = {isa = PBXBuildFile; fileRef = 17BC6FA11963734100619F53 /* DropItViewController.m */; };
		17BC6FA41963734100619F53 /* Images.xcassets in Resources */ = {isa = PBXBuildFile; fileRef = 17BC6FA31963734100619F53 /* Images.xcassets */; };
		17BC6FAB1963734200619F53 /* XCTest.framework in Frameworks */ = {isa = PBXBuildFile; fileRef = 17BC6FAA1963734200619F53 /* XCTest.framework */; };
		17BC6FAC1963734200619F53 /* Foundation.framework in Frameworks */ = {isa = PBXBuildFile; fileRef = 17BC6F8B1963734000619F53 /* Foundation.framework */; };
		17BC6FAD1963734200619F53 /* UIKit.framework in Frameworks */ = {isa = PBXBuildFile; fileRef = 17BC6F8F1963734000619F53 /* UIKit.framework */; };
		17BC6FB51963734200619F53 /* InfoPlist.strings in Resources */ = {isa = PBXBuildFile; fileRef = 17BC6FB31963734200619F53 /* InfoPlist.strings */; };
		17BC6FB71963734200619F53 /* DropItTests.m in Sources */ = {isa = PBXBuildFile; fileRef = 17BC6FB61963734200619F53 /* DropItTests.m */; };
/* End PBXBuildFile section */

/* Begin PBXContainerItemProxy section */
		17BC6FAE1963734200619F53 /* PBXContainerItemProxy */ = {
			isa = PBXContainerItemProxy;
			containerPortal = 17BC6F801963733F00619F53 /* Project object */;
			proxyType = 1;
			remoteGlobalIDString = 17BC6F871963733F00619F53;
			remoteInfo = DropIt;
		};
/* End PBXContainerItemProxy section */

/* Begin PBXFileReference section */
		17BC6F881963734000619F53 /* DropIt.app */ = {isa = PBXFileReference; explicitFileType = wrapper.application; includeInIndex = 0; path = DropIt.app; sourceTree = BUILT_PRODUCTS_DIR; };
		17BC6F8B1963734000619F53 /* Foundation.framework */ = {isa = PBXFileReference; lastKnownFileType = wrapper.framework; name = Foundation.framework; path = System/Library/Frameworks/Foundation.framework; sourceTree = SDKROOT; };
		17BC6F8D1963734000619F53 /* CoreGraphics.framework */ = {isa = PBXFileReference; lastKnownFileType = wrapper.framework; name = CoreGraphics.framework; path = System/Library/Frameworks/CoreGraphics.framework; sourceTree = SDKROOT; };
		17BC6F8F1963734000619F53 /* UIKit.framework */ = {isa = PBXFileReference; lastKnownFileType = wrapper.framework; name = UIKit.framework; path = System/Library/Frameworks/UIKit.framework; sourceTree = SDKROOT; };
		17BC6F931963734000619F53 /* DropIt-Info.plist */ = {isa = PBXFileReference; lastKnownFileType = text.plist.xml; path = "DropIt-Info.plist"; sourceTree = "<group>"; };
		17BC6F951963734000619F53 /* en */ = {isa = PBXFileReference; lastKnownFileType = text.plist.strings; name = en; path = en.lproj/InfoPlist.strings; sourceTree = "<group>"; };
		17BC6F971963734000619F53 /* main.m */ = {isa = PBXFileReference; lastKnownFileType = sourcecode.c.objc; path = main.m; sourceTree = "<group>"; };
		17BC6F991963734000619F53 /* DropIt-Prefix.pch */ = {isa = PBXFileReference; lastKnownFileType = sourcecode.c.h; path = "DropIt-Prefix.pch"; sourceTree = "<group>"; };
		17BC6F9A1963734000619F53 /* DropItAppDelegate.h */ = {isa = PBXFileReference; lastKnownFileType = sourcecode.c.h; path = DropItAppDelegate.h; sourceTree = "<group>"; };
		17BC6F9B1963734000619F53 /* DropItAppDelegate.m */ = {isa = PBXFileReference; lastKnownFileType = sourcecode.c.objc; path = DropItAppDelegate.m; sourceTree = "<group>"; };
		17BC6F9E1963734100619F53 /* Base */ = {isa = PBXFileReference; lastKnownFileType = file.storyboard; name = Base; path = Base.lproj/Main.storyboard; sourceTree = "<group>"; };
		17BC6FA01963734100619F53 /* DropItViewController.h */ = {isa = PBXFileReference; lastKnownFileType = sourcecode.c.h; path = DropItViewController.h; sourceTree = "<group>"; };
		17BC6FA11963734100619F53 /* DropItViewController.m */ = {isa = PBXFileReference; lastKnownFileType = sourcecode.c.objc; path = DropItViewController.m; sourceTree = "<group>"; };
		17BC6FA31963734100619F53 /* Images.xcassets */ = {isa = PBXFileReference; lastKnownFileType = folder.assetcatalog; path = Images.xcassets; sourceTree = "<group>"; };
		17BC6FA91963734200619F53 /* DropItTests.xctest */ = {isa = PBXFileReference; explicitFileType = wrapper.cfbundle; includeInIndex = 0; path = DropItTests.xctest; sourceTree = BUILT_PRODUCTS_DIR; };
		17BC6FAA1963734200619F53 /* XCTest.framework */ = {isa = PBXFileReference; lastKnownFileType = wrapper.framework; name = XCTest.framework; path = Library/Frameworks/XCTest.framework; sourceTree = DEVELOPER_DIR; };
		17BC6FB21963734200619F53 /* DropItTests-Info.plist */ = {isa = PBXFileReference; lastKnownFileType = text.plist.xml; path = "DropItTests-Info.plist"; sourceTree = "<group>"; };
		17BC6FB41963734200619F53 /* en */ = {isa = PBXFileReference; lastKnownFileType = text.plist.strings; name = en; path = en.lproj/InfoPlist.strings; sourceTree = "<group>"; };
		17BC6FB61963734200619F53 /* DropItTests.m */ = {isa = PBXFileReference; lastKnownFileType = sourcecode.c.objc; path = DropItTests.m; sourceTree = "<group>"; };
/* End PBXFileReference section */

/* Begin PBXFrameworksBuildPhase section */
		17BC6F851963733F00619F53 /* Frameworks */ = {
			isa = PBXFrameworksBuildPhase;
			buildActionMask = 2147483647;
			files = (
				17BC6F8E1963734000619F53 /* CoreGraphics.framework in Frameworks */,
				17BC6F901963734000619F53 /* UIKit.framework in Frameworks */,
				17BC6F8C1963734000619F53 /* Foundation.framework in Frameworks */,
			);
			runOnlyForDeploymentPostprocessing = 0;
		};
		17BC6FA61963734200619F53 /* Frameworks */ = {
			isa = PBXFrameworksBuildPhase;
			buildActionMask = 2147483647;
			files = (
				17BC6FAB1963734200619F53 /* XCTest.framework in Frameworks */,
				17BC6FAD1963734200619F53 /* UIKit.framework in Frameworks */,
				17BC6FAC1963734200619F53 /* Foundation.framework in Frameworks */,
			);
			runOnlyForDeploymentPostprocessing = 0;
		};
/* End PBXFrameworksBuildPhase section */

/* Begin PBXGroup section */
		17BC6F7F1963733F00619F53 = {
			isa = PBXGroup;
			children = (
				17BC6F911963734000619F53 /* DropIt */,
				17BC6FB01963734200619F53 /* DropItTests */,
				17BC6F8A1963734000619F53 /* Frameworks */,
				17BC6F891963734000619F53 /* Products */,
			);
			sourceTree = "<group>";
		};
		17BC6F891963734000619F53 /* Products */ = {
			isa = PBXGroup;
			children = (
				17BC6F881963734000619F53 /* DropIt.app */,
				17BC6FA91963734200619F53 /* DropItTests.xctest */,
			);
			name = Products;
			sourceTree = "<group>";
		};
		17BC6F8A1963734000619F53 /* Frameworks */ = {
			isa = PBXGroup;
			children = (
				17BC6F8B1963734000619F53 /* Foundation.framework */,
				17BC6F8D1963734000619F53 /* CoreGraphics.framework */,
				17BC6F8F1963734000619F53 /* UIKit.framework */,
				17BC6FAA1963734200619F53 /* XCTest.framework */,
			);
			name = Frameworks;
			sourceTree = "<group>";
		};
		17BC6F911963734000619F53 /* DropIt */ = {
			isa = PBXGroup;
			children = (
				17BC6F9A1963734000619F53 /* DropItAppDelegate.h */,
				17BC6F9B1963734000619F53 /* DropItAppDelegate.m */,
				17BC6F9D1963734100619F53 /* Main.storyboard */,
				17BC6FA01963734100619F53 /* DropItViewController.h */,
				17BC6FA11963734100619F53 /* DropItViewController.m */,
				17BC6FA31963734100619F53 /* Images.xcassets */,
				17BC6F921963734000619F53 /* Supporting Files */,
			);
			path = DropIt;
			sourceTree = "<group>";
		};
		17BC6F921963734000619F53 /* Supporting Files */ = {
			isa = PBXGroup;
			children = (
				17BC6F931963734000619F53 /* DropIt-Info.plist */,
				17BC6F941963734000619F53 /* InfoPlist.strings */,
				17BC6F971963734000619F53 /* main.m */,
				17BC6F991963734000619F53 /* DropIt-Prefix.pch */,
			);
			name = "Supporting Files";
			sourceTree = "<group>";
		};
		17BC6FB01963734200619F53 /* DropItTests */ = {
			isa = PBXGroup;
			children = (
				17BC6FB61963734200619F53 /* DropItTests.m */,
				17BC6FB11963734200619F53 /* Supporting Files */,
			);
			path = DropItTests;
			sourceTree = "<group>";
		};
		17BC6FB11963734200619F53 /* Supporting Files */ = {
			isa = PBXGroup;
			children = (
				17BC6FB21963734200619F53 /* DropItTests-Info.plist */,
				17BC6FB31963734200619F53 /* InfoPlist.strings */,
			);
			name = "Supporting Files";
			sourceTree = "<group>";
		};
/* End PBXGroup section */

/* Begin PBXNativeTarget section */
		17BC6F871963733F00619F53 /* DropIt */ = {
			isa = PBXNativeTarget;
			buildConfigurationList = 17BC6FBA1963734200619F53 /* Build configuration list for PBXNativeTarget "DropIt" */;
			buildPhases = (
				17BC6F841963733F00619F53 /* Sources */,
				17BC6F851963733F00619F53 /* Frameworks */,
				17BC6F861963733F00619F53 /* Resources */,
			);
			buildRules = (
			);
			dependencies = (
			);
			name = DropIt;
			productName = DropIt;
			productReference = 17BC6F881963734000619F53 /* DropIt.app */;
			productType = "com.apple.product-type.application";
		};
		17BC6FA81963734200619F53 /* DropItTests */ = {
			isa = PBXNativeTarget;
			buildConfigurationList = 17BC6FBD1963734200619F53 /* Build configuration list for PBXNativeTarget "DropItTests" */;
			buildPhases = (
				17BC6FA51963734200619F53 /* Sources */,
				17BC6FA61963734200619F53 /* Frameworks */,
				17BC6FA71963734200619F53 /* Resources */,
			);
			buildRules = (
			);
			dependencies = (
				17BC6FAF1963734200619F53 /* PBXTargetDependency */,
			);
			name = DropItTests;
			productName = DropItTests;
			productReference = 17BC6FA91963734200619F53 /* DropItTests.xctest */;
			productType = "com.apple.product-type.bundle.unit-test";
		};
/* End PBXNativeTarget section */

/* Begin PBXProject section */
		17BC6F801963733F00619F53 /* Project object */ = {
			isa = PBXProject;
			attributes = {
				CLASSPREFIX = DropIt;
				LastUpgradeCheck = 0510;
				ORGANIZATIONNAME = CS193p;
				TargetAttributes = {
					17BC6FA81963734200619F53 = {
						TestTargetID = 17BC6F871963733F00619F53;
					};
				};
			};
			buildConfigurationList = 17BC6F831963733F00619F53 /* Build configuration list for PBXProject "DropIt" */;
			compatibilityVersion = "Xcode 3.2";
			developmentRegion = English;
			hasScannedForEncodings = 0;
			knownRegions = (
				en,
				Base,
			);
			mainGroup = 17BC6F7F1963733F00619F53;
			productRefGroup = 17BC6F891963734000619F53 /* Products */;
			projectDirPath = "";
			projectRoot = "";
			targets = (
				17BC6F871963733F00619F53 /* DropIt */,
				17BC6FA81963734200619F53 /* DropItTests */,
			);
		};
/* End PBXProject section */

/* Begin PBXResourcesBuildPhase section */
		17BC6F861963733F00619F53 /* Resources */ = {
			isa = PBXResourcesBuildPhase;
			buildActionMask = 2147483647;
			files = (
				17BC6FA41963734100619F53 /* Images.xcassets in Resources */,
				17BC6F961963734000619F53 /* InfoPlist.strings in Resources */,
				17BC6F9F1963734100619F53 /* Main.storyboard in Resources */,
			);
			runOnlyForDeploymentPostprocessing = 0;
		};
		17BC6FA71963734200619F53 /* Resources */ = {
			isa = PBXResourcesBuildPhase;
			buildActionMask = 2147483647;
			files = (
				17BC6FB51963734200619F53 /* InfoPlist.strings in Resources */,
			);
			runOnlyForDeploymentPostprocessing = 0;
		};
/* End PBXResourcesBuildPhase section */

/* Begin PBXSourcesBuildPhase section */
		17BC6F841963733F00619F53 /* Sources */ = {
			isa = PBXSourcesBuildPhase;
			buildActionMask = 2147483647;
			files = (
				17BC6F9C1963734000619F53 /* DropItAppDelegate.m in Sources */,
				17BC6F981963734000619F53 /* main.m in Sources */,
				17BC6FA21963734100619F53 /* DropItViewController.m in Sources */,
			);
			runOnlyForDeploymentPostprocessing = 0;
		};
		17BC6FA51963734200619F53 /* Sources */ = {
			isa = PBXSourcesBuildPhase;
			buildActionMask = 2147483647;
			files = (
				17BC6FB71963734200619F53 /* DropItTests.m in Sources */,
			);
			runOnlyForDeploymentPostprocessing = 0;
		};
/* End PBXSourcesBuildPhase section */

/* Begin PBXTargetDependency section */
		17BC6FAF1963734200619F53 /* PBXTargetDependency */ = {
			isa = PBXTargetDependency;
			target = 17BC6F871963733F00619F53 /* DropIt */;
			targetProxy = 17BC6FAE1963734200619F53 /* PBXContainerItemProxy */;
		};
/* End PBXTargetDependency section */

/* Begin PBXVariantGroup section */
		17BC6F941963734000619F53 /* InfoPlist.strings */ = {
			isa = PBXVariantGroup;
			children = (
				17BC6F951963734000619F53 /* en */,
			);
			name = InfoPlist.strings;
			sourceTree = "<group>";
		};
		17BC6F9D1963734100619F53 /* Main.storyboard */ = {
			isa = PBXVariantGroup;
			children = (
				17BC6F9E1963734100619F53 /* Base */,
			);
			name = Main.storyboard;
			sourceTree = "<group>";
		};
		17BC6FB31963734200619F53 /* InfoPlist.strings */ = {
			isa = PBXVariantGroup;
			children = (
				17BC6FB41963734200619F53 /* en */,
			);
			name = InfoPlist.strings;
			sourceTree = "<group>";
		};
/* End PBXVariantGroup section */

/* Begin XCBuildConfiguration section */
		17BC6FB81963734200619F53 /* Debug */ = {
			isa = XCBuildConfiguration;
			buildSettings = {
				ALWAYS_SEARCH_USER_PATHS = NO;
				CLANG_CXX_LANGUAGE_STANDARD = "gnu++0x";
				CLANG_CXX_LIBRARY = "libc++";
				CLANG_ENABLE_MODULES = YES;
				CLANG_ENABLE_OBJC_ARC = YES;
				CLANG_WARN_BOOL_CONVERSION = YES;
				CLANG_WARN_CONSTANT_CONVERSION = YES;
				CLANG_WARN_DIRECT_OBJC_ISA_USAGE = YES_ERROR;
				CLANG_WARN_EMPTY_BODY = YES;
				CLANG_WARN_ENUM_CONVERSION = YES;
				CLANG_WARN_INT_CONVERSION = YES;
				CLANG_WARN_OBJC_ROOT_CLASS = YES_ERROR;
				CLANG_WARN__DUPLICATE_METHOD_MATCH = YES;
				"CODE_SIGN_IDENTITY[sdk=iphoneos*]" = "iPhone Developer";
				COPY_PHASE_STRIP = NO;
				GCC_C_LANGUAGE_STANDARD = gnu99;
				GCC_DYNAMIC_NO_PIC = NO;
				GCC_OPTIMIZATION_LEVEL = 0;
				GCC_PREPROCESSOR_DEFINITIONS = (
					"DEBUG=1",
					"$(inherited)",
				);
				GCC_SYMBOLS_PRIVATE_EXTERN = NO;
				GCC_WARN_64_TO_32_BIT_CONVERSION = YES;
				GCC_WARN_ABOUT_RETURN_TYPE = YES_ERROR;
				GCC_WARN_UNDECLARED_SELECTOR = YES;
				GCC_WARN_UNINITIALIZED_AUTOS = YES_AGGRESSIVE;
				GCC_WARN_UNUSED_FUNCTION = YES;
				GCC_WARN_UNUSED_VARIABLE = YES;
				IPHONEOS_DEPLOYMENT_TARGET = 7.1;
				ONLY_ACTIVE_ARCH = YES;
				SDKROOT = iphoneos;
			};
			name = Debug;
		};
		17BC6FB91963734200619F53 /* Release */ = {
			isa = XCBuildConfiguration;
			buildSettings = {
				ALWAYS_SEARCH_USER_PATHS = NO;
				CLANG_CXX_LANGUAGE_STANDARD = "gnu++0x";
				CLANG_CXX_LIBRARY = "libc++";
				CLANG_ENABLE_MODULES = YES;
				CLANG_ENABLE_OBJC_ARC = YES;
				CLANG_WARN_BOOL_CONVERSION = YES;
				CLANG_WARN_CONSTANT_CONVERSION = YES;
				CLANG_WARN_DIRECT_OBJC_ISA_USAGE = YES_ERROR;
				CLANG_WARN_EMPTY_BODY = YES;
				CLANG_WARN_ENUM_CONVERSION = YES;
				CLANG_WARN_INT_CONVERSION = YES;
				CLANG_WARN_OBJC_ROOT_CLASS = YES_ERROR;
				CLANG_WARN__DUPLICATE_METHOD_MATCH = YES;
				"CODE_SIGN_IDENTITY[sdk=iphoneos*]" = "iPhone Developer";
				COPY_PHASE_STRIP = YES;
				ENABLE_NS_ASSERTIONS = NO;
				GCC_C_LANGUAGE_STANDARD = gnu99;
				GCC_WARN_64_TO_32_BIT_CONVERSION = YES;
				GCC_WARN_ABOUT_RETURN_TYPE = YES_ERROR;
				GCC_WARN_UNDECLARED_SELECTOR = YES;
				GCC_WARN_UNINITIALIZED_AUTOS = YES_AGGRESSIVE;
				GCC_WARN_UNUSED_FUNCTION = YES;
				GCC_WARN_UNUSED_VARIABLE = YES;
				IPHONEOS_DEPLOYMENT_TARGET = 7.1;
				SDKROOT = iphoneos;
				VALIDATE_PRODUCT = YES;
			};
			name = Release;
		};
		17BC6FBB1963734200619F53 /* Debug */ = {
			isa = XCBuildConfiguration;
			buildSettings = {
				ASSETCATALOG_COMPILER_APPICON_NAME = AppIcon;
				ASSETCATALOG_COMPILER_LAUNCHIMAGE_NAME = LaunchImage;
				GCC_PRECOMPILE_PREFIX_HEADER = YES;
				GCC_PREFIX_HEADER = "DropIt/DropIt-Prefix.pch";
				INFOPLIST_FILE = "DropIt/DropIt-Info.plist";
				PRODUCT_NAME = "$(TARGET_NAME)";
				WRAPPER_EXTENSION = app;
			};
			name = Debug;
		};
		17BC6FBC1963734200619F53 /* Release */ = {
			isa = XCBuildConfiguration;
			buildSettings = {
				ASSETCATALOG_COMPILER_APPICON_NAME = AppIcon;
				ASSETCATALOG_COMPILER_LAUNCHIMAGE_NAME = LaunchImage;
				GCC_PRECOMPILE_PREFIX_HEADER = YES;
				GCC_PREFIX_HEADER = "DropIt/DropIt-Prefix.pch";
				INFOPLIST_FILE = "DropIt/DropIt-Info.plist";
				PRODUCT_NAME = "$(TARGET_NAME)";
				WRAPPER_EXTENSION = app;
			};
			name = Release;
		};
		17BC6FBE1963734200619F53 /* Debug */ = {
			isa = XCBuildConfiguration;
			buildSettings = {
				BUNDLE_LOADER = "$(BUILT_PRODUCTS_DIR)/DropIt.app/DropIt";
				FRAMEWORK_SEARCH_PATHS = (
					"$(SDKROOT)/Developer/Library/Frameworks",
					"$(inherited)",
					"$(DEVELOPER_FRAMEWORKS_DIR)",
				);
				GCC_PRECOMPILE_PREFIX_HEADER = YES;
				GCC_PREFIX_HEADER = "DropIt/DropIt-Prefix.pch";
				GCC_PREPROCESSOR_DEFINITIONS = (
					"DEBUG=1",
					"$(inherited)",
				);
				INFOPLIST_FILE = "DropItTests/DropItTests-Info.plist";
				PRODUCT_NAME = "$(TARGET_NAME)";
				TEST_HOST = "$(BUNDLE_LOADER)";
				WRAPPER_EXTENSION = xctest;
			};
			name = Debug;
		};
		17BC6FBF1963734200619F53 /* Release */ = {
			isa = XCBuildConfiguration;
			buildSettings = {
				BUNDLE_LOADER = "$(BUILT_PRODUCTS_DIR)/DropIt.app/DropIt";
				FRAMEWORK_SEARCH_PATHS = (
					"$(SDKROOT)/Developer/Library/Frameworks",
					"$(inherited)",
					"$(DEVELOPER_FRAMEWORKS_DIR)",
				);
				GCC_PRECOMPILE_PREFIX_HEADER = YES;
				GCC_PREFIX_HEADER = "DropIt/DropIt-Prefix.pch";
				INFOPLIST_FILE = "DropItTests/DropItTests-Info.plist";
				PRODUCT_NAME = "$(TARGET_NAME)";
				TEST_HOST = "$(BUNDLE_LOADER)";
				WRAPPER_EXTENSION = xctest;
			};
			name = Release;
		};
/* End XCBuildConfiguration section */

/* Begin XCConfigurationList section */
		17BC6F831963733F00619F53 /* Build configuration list for PBXProject "DropIt" */ = {
			isa = XCConfigurationList;
			buildConfigurations = (
				17BC6FB81963734200619F53 /* Debug */,
				17BC6FB91963734200619F53 /* Release */,
			);
			defaultConfigurationIsVisible = 0;
			defaultConfigurationName = Release;
		};
		17BC6FBA1963734200619F53 /* Build configuration list for PBXNativeTarget "DropIt" */ = {
			isa = XCConfigurationList;
			buildConfigurations = (
				17BC6FBB1963734200619F53 /* Debug */,
				17BC6FBC1963734200619F53 /* Release */,
			);
			defaultConfigurationIsVisible = 0;
		};
		17BC6FBD1963734200619F53 /* Build configuration list for PBXNativeTarget "DropItTests" */ = {
			isa = XCConfigurationList;
			buildConfigurations = (
				17BC6FBE1963734200619F53 /* Debug */,
				17BC6FBF1963734200619F53 /* Release */,
			);
			defaultConfigurationIsVisible = 0;
		};
/* End XCConfigurationList section */
	};
	rootObject = 17BC6F801963733F00619F53 /* Project object */;
}
